
Microsoft Visual Studio Solution File, Format Version 12.00
# Visual Studio Version 17
VisualStudioVersion = 17.0.32112.339
MinimumVisualStudioVersion = 10.0.40219.1
Project("{9A19103F-16F7-4668-BE54-9A1E7A4F7556}") = "AzureNaming.Utilities", "AzureNaming.Utilities\AzureNaming.Utilities.csproj", "{5F4CA994-3D78-428C-B5DE-63C7D50AF6DE}"
EndProject
Project("{9A19103F-16F7-4668-BE54-9A1E7A4F7556}") = "AzureNaming.Utilities.Tests", "AzureNaming.Utilities.Tests\AzureNaming.Utilities.Tests.csproj", "{29A6695E-935B-4DE2-8E99-E968D2A28824}"
EndProject
Project("{9A19103F-16F7-4668-BE54-9A1E7A4F7556}") = "AzureNaming.Tool", "AzureDevOpsNaming.Tool\AzureNaming.Tool.csproj", "{A55ACFFF-2E14-40B6-AC7C-A50AA16DF6B3}"
EndProject
Project("{FAE04EC0-301F-11D3-BF4B-00C04F79EFBC}") = "AzureNaming.Tool.Tests", "AzureNaming.Tool.Tests\AzureNaming.Tool.Tests.csproj", "{DB354623-9092-4BB6-817E-40621F943153}"
EndProject
Global
	GlobalSection(SolutionConfigurationPlatforms) = preSolution
		Debug|Any CPU = Debug|Any CPU
		Release|Any CPU = Release|Any CPU
	EndGlobalSection
	GlobalSection(ProjectConfigurationPlatforms) = postSolution
		{5F4CA994-3D78-428C-B5DE-63C7D50AF6DE}.Debug|Any CPU.ActiveCfg = Debug|Any CPU
		{5F4CA994-3D78-428C-B5DE-63C7D50AF6DE}.Debug|Any CPU.Build.0 = Debug|Any CPU
		{5F4CA994-3D78-428C-B5DE-63C7D50AF6DE}.Release|Any CPU.ActiveCfg = Release|Any CPU
		{5F4CA994-3D78-428C-B5DE-63C7D50AF6DE}.Release|Any CPU.Build.0 = Release|Any CPU
		{29A6695E-935B-4DE2-8E99-E968D2A28824}.Debug|Any CPU.ActiveCfg = Debug|Any CPU
		{29A6695E-935B-4DE2-8E99-E968D2A28824}.Debug|Any CPU.Build.0 = Debug|Any CPU
		{29A6695E-935B-4DE2-8E99-E968D2A28824}.Release|Any CPU.ActiveCfg = Release|Any CPU
		{29A6695E-935B-4DE2-8E99-E968D2A28824}.Release|Any CPU.Build.0 = Release|Any CPU
		{A55ACFFF-2E14-40B6-AC7C-A50AA16DF6B3}.Debug|Any CPU.ActiveCfg = Debug|Any CPU
		{A55ACFFF-2E14-40B6-AC7C-A50AA16DF6B3}.Debug|Any CPU.Build.0 = Debug|Any CPU
		{A55ACFFF-2E14-40B6-AC7C-A50AA16DF6B3}.Release|Any CPU.ActiveCfg = Release|Any CPU
		{A55ACFFF-2E14-40B6-AC7C-A50AA16DF6B3}.Release|Any CPU.Build.0 = Release|Any CPU
		{DB354623-9092-4BB6-817E-40621F943153}.Debug|Any CPU.ActiveCfg = Debug|Any CPU
		{DB354623-9092-4BB6-817E-40621F943153}.Debug|Any CPU.Build.0 = Debug|Any CPU
		{DB354623-9092-4BB6-817E-40621F943153}.Release|Any CPU.ActiveCfg = Release|Any CPU
		{DB354623-9092-4BB6-817E-40621F943153}.Release|Any CPU.Build.0 = Release|Any CPU
	EndGlobalSection
	GlobalSection(SolutionProperties) = preSolution
		HideSolutionNode = FALSE
	EndGlobalSection
	GlobalSection(ExtensibilityGlobals) = postSolution
		SolutionGuid = {8C98E701-BDC5-4F6F-9F85-7BEC01C00E51}
	EndGlobalSection
EndGlobal
